
Microsoft Visual Studio Solution File, Format Version 12.00
# Visual Studio Version 17
VisualStudioVersion = 17.11.35327.3
MinimumVisualStudioVersion = 10.0.40219.1
Project("{FAE04EC0-301F-11D3-BF4B-00C04F79EFBC}") = "UnitTestCalsTeach", "UnitTestCalsTeach.csproj", "{5BC4CB8F-1E8B-4429-920B-327605726377}"
EndProject
Project("{FAE04EC0-301F-11D3-BF4B-00C04F79EFBC}") = "Sum_Test", "..\Sum_Test\Sum_Test.csproj", "{1592787E-CB1B-4E1D-B0A4-491BE72462A8}"
EndProject
Global
	GlobalSection(SolutionConfigurationPlatforms) = preSolution
		Debug|Any CPU = Debug|Any CPU
		Release|Any CPU = Release|Any CPU
	EndGlobalSection
	GlobalSection(ProjectConfigurationPlatforms) = postSolution
		{5BC4CB8F-1E8B-4429-920B-327605726377}.Debug|Any CPU.ActiveCfg = Debug|Any CPU
		{5BC4CB8F-1E8B-4429-920B-327605726377}.Debug|Any CPU.Build.0 = Debug|Any CPU
		{5BC4CB8F-1E8B-4429-920B-327605726377}.Release|Any CPU.ActiveCfg = Release|Any CPU
		{5BC4CB8F-1E8B-4429-920B-327605726377}.Release|Any CPU.Build.0 = Release|Any CPU
		{1592787E-CB1B-4E1D-B0A4-491BE72462A8}.Debug|Any CPU.ActiveCfg = Debug|Any CPU
		{1592787E-CB1B-4E1D-B0A4-491BE72462A8}.Debug|Any CPU.Build.0 = Debug|Any CPU
		{1592787E-CB1B-4E1D-B0A4-491BE72462A8}.Release|Any CPU.ActiveCfg = Release|Any CPU
		{1592787E-CB1B-4E1D-B0A4-491BE72462A8}.Release|Any CPU.Build.0 = Release|Any CPU
	EndGlobalSection
	GlobalSection(SolutionProperties) = preSolution
		HideSolutionNode = FALSE
	EndGlobalSection
	GlobalSection(ExtensibilityGlobals) = postSolution
		SolutionGuid = {8C7EFA06-6354-4433-93AB-E8CBC571AFEC}
	EndGlobalSection
EndGlobal
